
Microsoft Visual Studio Solution File, Format Version 12.00
# Visual Studio 2012
Project("{8BC9CEB8-8B4A-11D0-8D11-00A0C91BC942}") = "UI", "MagicMemo\MagicMemo.vcxproj", "{1B808976-3C6A-4304-B822-6EF36F1296CA}"
EndProject
Project("{8BC9CEB8-8B4A-11D0-8D11-00A0C91BC942}") = "Logic", "Logic\Logic.vcxproj", "{EE9CE566-7AC2-4FDD-94C6-77748CD42FFF}"
EndProject
Project("{8BC9CEB8-8B4A-11D0-8D11-00A0C91BC942}") = "FileStorage", "FileStorage\FileStorage.vcxproj", "{EFF52FCE-68FE-45E1-81B5-9A405FE664A3}"
EndProject
Project("{8BC9CEB8-8B4A-11D0-8D11-00A0C91BC942}") = "UnitTest", "UnitTest\UnitTest.vcxproj", "{BA3A18D7-BADF-4C8C-99FA-F383ED86706D}"
EndProject
Global
	GlobalSection(SolutionConfigurationPlatforms) = preSolution
		Debug|Win32 = Debug|Win32
		Release|Win32 = Release|Win32
	EndGlobalSection
	GlobalSection(ProjectConfigurationPlatforms) = postSolution
		{1B808976-3C6A-4304-B822-6EF36F1296CA}.Debug|Win32.ActiveCfg = Debug|Win32
		{1B808976-3C6A-4304-B822-6EF36F1296CA}.Debug|Win32.Build.0 = Debug|Win32
		{1B808976-3C6A-4304-B822-6EF36F1296CA}.Release|Win32.ActiveCfg = Release|Win32
		{1B808976-3C6A-4304-B822-6EF36F1296CA}.Release|Win32.Build.0 = Release|Win32
		{EE9CE566-7AC2-4FDD-94C6-77748CD42FFF}.Debug|Win32.ActiveCfg = Debug|Win32
		{EE9CE566-7AC2-4FDD-94C6-77748CD42FFF}.Debug|Win32.Build.0 = Debug|Win32
		{EE9CE566-7AC2-4FDD-94C6-77748CD42FFF}.Release|Win32.ActiveCfg = Release|Win32
		{EE9CE566-7AC2-4FDD-94C6-77748CD42FFF}.Release|Win32.Build.0 = Release|Win32

		{EFF52FCE-68FE-45E1-81B5-9A405FE664A3}.Debug|Win32.ActiveCfg = Debug|Win32
		{EFF52FCE-68FE-45E1-81B5-9A405FE664A3}.Debug|Win32.Build.0 = Debug|Win32
		{EFF52FCE-68FE-45E1-81B5-9A405FE664A3}.Release|Win32.ActiveCfg = Release|Win32
		{EFF52FCE-68FE-45E1-81B5-9A405FE664A3}.Release|Win32.Build.0 = Release|Win32

		{BA3A18D7-BADF-4C8C-99FA-F383ED86706D}.Debug|Win32.ActiveCfg = Debug|Win32
		{BA3A18D7-BADF-4C8C-99FA-F383ED86706D}.Debug|Win32.Build.0 = Debug|Win32
		{BA3A18D7-BADF-4C8C-99FA-F383ED86706D}.Release|Win32.ActiveCfg = Release|Win32
		{BA3A18D7-BADF-4C8C-99FA-F383ED86706D}.Release|Win32.Build.0 = Release|Win32
	EndGlobalSection
	GlobalSection(SolutionProperties) = preSolution
		HideSolutionNode = FALSE
	EndGlobalSection
EndGlobal
