
Microsoft Visual Studio Solution File, Format Version 12.00
# Visual Studio 2012
Project("{8BC9CEB8-8B4A-11D0-8D11-00A0C91BC942}") = "UI", "MagicMemo\MagicMemo.vcxproj", "{1B808976-3C6A-4304-B822-6EF36F1296CA}"
EndProject
Project("{8BC9CEB8-8B4A-11D0-8D11-00A0C91BC942}") = "FileStorage", "FileStorage\FileStorage.vcxproj", "{01945A6F-D668-4A2E-B73B-22B37E25C9A8}"
EndProject
Project("{8BC9CEB8-8B4A-11D0-8D11-00A0C91BC942}") = "UnitTest", "UnitTest\UnitTest.vcxproj", "{1B29476A-5183-4B7F-A315-3A41E14D02D7}"
EndProject
Project("{8BC9CEB8-8B4A-11D0-8D11-00A0C91BC942}") = "Parser", "Parser\Parser.vcxproj", "{FFF34B1F-FAEC-4D50-94C2-488D21C87746}"
EndProject
Project("{8BC9CEB8-8B4A-11D0-8D11-00A0C91BC942}") = "Logic", "Logic\Logic.vcxproj", "{61C77A61-61C8-4DE5-8D56-53AECE2F16B8}"
EndProject
Project("{FAE04EC0-301F-11D3-BF4B-00C04F79EFBC}") = "CodedUITestProject1", "CodedUITestProject1\CodedUITestProject1.csproj", "{3803D5B8-8316-489C-8D52-C20519D100A8}"
EndProject
Project("{FAE04EC0-301F-11D3-BF4B-00C04F79EFBC}") = "MagicMemoLoadTest", "WebAndLoadTestProject1\MagicMemoLoadTest.csproj", "{1F1F8ED7-6B50-42DD-BA2F-5C619CBF33B0}"
EndProject
Project("{2150E333-8FDC-42A3-9474-1A3956D46DE8}") = "Solution Items", "Solution Items", "{83EE8378-A324-4263-9D53-B439374E0F4F}"
	ProjectSection(SolutionItems) = preProject
		Local.testsettings = Local.testsettings
	EndProjectSection
EndProject
Global
	GlobalSection(SolutionConfigurationPlatforms) = preSolution
		Debug|Any CPU = Debug|Any CPU
		Debug|Mixed Platforms = Debug|Mixed Platforms
		Debug|Win32 = Debug|Win32
		Release|Any CPU = Release|Any CPU
		Release|Mixed Platforms = Release|Mixed Platforms
		Release|Win32 = Release|Win32
	EndGlobalSection
	GlobalSection(ProjectConfigurationPlatforms) = postSolution
		{1B808976-3C6A-4304-B822-6EF36F1296CA}.Debug|Any CPU.ActiveCfg = Debug|Win32
		{1B808976-3C6A-4304-B822-6EF36F1296CA}.Debug|Mixed Platforms.ActiveCfg = Debug|Win32
		{1B808976-3C6A-4304-B822-6EF36F1296CA}.Debug|Mixed Platforms.Build.0 = Debug|Win32
		{1B808976-3C6A-4304-B822-6EF36F1296CA}.Debug|Win32.ActiveCfg = Debug|Win32
		{1B808976-3C6A-4304-B822-6EF36F1296CA}.Debug|Win32.Build.0 = Debug|Win32
		{1B808976-3C6A-4304-B822-6EF36F1296CA}.Release|Any CPU.ActiveCfg = Release|Win32
		{1B808976-3C6A-4304-B822-6EF36F1296CA}.Release|Mixed Platforms.ActiveCfg = Release|Win32
		{1B808976-3C6A-4304-B822-6EF36F1296CA}.Release|Mixed Platforms.Build.0 = Release|Win32
		{1B808976-3C6A-4304-B822-6EF36F1296CA}.Release|Win32.ActiveCfg = Release|Win32
		{1B808976-3C6A-4304-B822-6EF36F1296CA}.Release|Win32.Build.0 = Release|Win32
		{01945A6F-D668-4A2E-B73B-22B37E25C9A8}.Debug|Any CPU.ActiveCfg = Debug|Win32
		{01945A6F-D668-4A2E-B73B-22B37E25C9A8}.Debug|Mixed Platforms.ActiveCfg = Debug|Win32
		{01945A6F-D668-4A2E-B73B-22B37E25C9A8}.Debug|Mixed Platforms.Build.0 = Debug|Win32
		{01945A6F-D668-4A2E-B73B-22B37E25C9A8}.Debug|Win32.ActiveCfg = Debug|Win32
		{01945A6F-D668-4A2E-B73B-22B37E25C9A8}.Debug|Win32.Build.0 = Debug|Win32
		{01945A6F-D668-4A2E-B73B-22B37E25C9A8}.Release|Any CPU.ActiveCfg = Release|Win32
		{01945A6F-D668-4A2E-B73B-22B37E25C9A8}.Release|Mixed Platforms.ActiveCfg = Release|Win32
		{01945A6F-D668-4A2E-B73B-22B37E25C9A8}.Release|Mixed Platforms.Build.0 = Release|Win32
		{01945A6F-D668-4A2E-B73B-22B37E25C9A8}.Release|Win32.ActiveCfg = Release|Win32
		{01945A6F-D668-4A2E-B73B-22B37E25C9A8}.Release|Win32.Build.0 = Release|Win32
		{1B29476A-5183-4B7F-A315-3A41E14D02D7}.Debug|Any CPU.ActiveCfg = Debug|Win32
		{1B29476A-5183-4B7F-A315-3A41E14D02D7}.Debug|Mixed Platforms.ActiveCfg = Debug|Win32
		{1B29476A-5183-4B7F-A315-3A41E14D02D7}.Debug|Mixed Platforms.Build.0 = Debug|Win32
		{1B29476A-5183-4B7F-A315-3A41E14D02D7}.Debug|Win32.ActiveCfg = Debug|Win32
		{1B29476A-5183-4B7F-A315-3A41E14D02D7}.Debug|Win32.Build.0 = Debug|Win32
		{1B29476A-5183-4B7F-A315-3A41E14D02D7}.Release|Any CPU.ActiveCfg = Release|Win32
		{1B29476A-5183-4B7F-A315-3A41E14D02D7}.Release|Mixed Platforms.ActiveCfg = Release|Win32
		{1B29476A-5183-4B7F-A315-3A41E14D02D7}.Release|Mixed Platforms.Build.0 = Release|Win32
		{1B29476A-5183-4B7F-A315-3A41E14D02D7}.Release|Win32.ActiveCfg = Release|Win32
		{1B29476A-5183-4B7F-A315-3A41E14D02D7}.Release|Win32.Build.0 = Release|Win32
		{FFF34B1F-FAEC-4D50-94C2-488D21C87746}.Debug|Any CPU.ActiveCfg = Debug|Win32
		{FFF34B1F-FAEC-4D50-94C2-488D21C87746}.Debug|Mixed Platforms.ActiveCfg = Debug|Win32
		{FFF34B1F-FAEC-4D50-94C2-488D21C87746}.Debug|Mixed Platforms.Build.0 = Debug|Win32
		{FFF34B1F-FAEC-4D50-94C2-488D21C87746}.Debug|Win32.ActiveCfg = Debug|Win32
		{FFF34B1F-FAEC-4D50-94C2-488D21C87746}.Debug|Win32.Build.0 = Debug|Win32
		{FFF34B1F-FAEC-4D50-94C2-488D21C87746}.Release|Any CPU.ActiveCfg = Release|Win32
		{FFF34B1F-FAEC-4D50-94C2-488D21C87746}.Release|Mixed Platforms.ActiveCfg = Release|Win32
		{FFF34B1F-FAEC-4D50-94C2-488D21C87746}.Release|Mixed Platforms.Build.0 = Release|Win32
		{FFF34B1F-FAEC-4D50-94C2-488D21C87746}.Release|Win32.ActiveCfg = Release|Win32
		{FFF34B1F-FAEC-4D50-94C2-488D21C87746}.Release|Win32.Build.0 = Release|Win32
		{61C77A61-61C8-4DE5-8D56-53AECE2F16B8}.Debug|Any CPU.ActiveCfg = Debug|Win32
		{61C77A61-61C8-4DE5-8D56-53AECE2F16B8}.Debug|Mixed Platforms.ActiveCfg = Debug|Win32
		{61C77A61-61C8-4DE5-8D56-53AECE2F16B8}.Debug|Mixed Platforms.Build.0 = Debug|Win32
		{61C77A61-61C8-4DE5-8D56-53AECE2F16B8}.Debug|Win32.ActiveCfg = Debug|Win32
		{61C77A61-61C8-4DE5-8D56-53AECE2F16B8}.Debug|Win32.Build.0 = Debug|Win32
		{61C77A61-61C8-4DE5-8D56-53AECE2F16B8}.Release|Any CPU.ActiveCfg = Release|Win32
		{61C77A61-61C8-4DE5-8D56-53AECE2F16B8}.Release|Mixed Platforms.ActiveCfg = Release|Win32
		{61C77A61-61C8-4DE5-8D56-53AECE2F16B8}.Release|Mixed Platforms.Build.0 = Release|Win32
		{61C77A61-61C8-4DE5-8D56-53AECE2F16B8}.Release|Win32.ActiveCfg = Release|Win32
		{61C77A61-61C8-4DE5-8D56-53AECE2F16B8}.Release|Win32.Build.0 = Release|Win32
		{3803D5B8-8316-489C-8D52-C20519D100A8}.Debug|Any CPU.ActiveCfg = Debug|Any CPU
		{3803D5B8-8316-489C-8D52-C20519D100A8}.Debug|Any CPU.Build.0 = Debug|Any CPU
		{3803D5B8-8316-489C-8D52-C20519D100A8}.Debug|Mixed Platforms.ActiveCfg = Debug|Any CPU
		{3803D5B8-8316-489C-8D52-C20519D100A8}.Debug|Mixed Platforms.Build.0 = Debug|Any CPU
		{3803D5B8-8316-489C-8D52-C20519D100A8}.Debug|Win32.ActiveCfg = Debug|Any CPU
		{3803D5B8-8316-489C-8D52-C20519D100A8}.Release|Any CPU.ActiveCfg = Release|Any CPU
		{3803D5B8-8316-489C-8D52-C20519D100A8}.Release|Any CPU.Build.0 = Release|Any CPU
		{3803D5B8-8316-489C-8D52-C20519D100A8}.Release|Mixed Platforms.ActiveCfg = Release|Any CPU
		{3803D5B8-8316-489C-8D52-C20519D100A8}.Release|Mixed Platforms.Build.0 = Release|Any CPU
		{3803D5B8-8316-489C-8D52-C20519D100A8}.Release|Win32.ActiveCfg = Release|Any CPU
		{1F1F8ED7-6B50-42DD-BA2F-5C619CBF33B0}.Debug|Any CPU.ActiveCfg = Debug|Any CPU
		{1F1F8ED7-6B50-42DD-BA2F-5C619CBF33B0}.Debug|Any CPU.Build.0 = Debug|Any CPU
		{1F1F8ED7-6B50-42DD-BA2F-5C619CBF33B0}.Debug|Mixed Platforms.ActiveCfg = Debug|Any CPU
		{1F1F8ED7-6B50-42DD-BA2F-5C619CBF33B0}.Debug|Mixed Platforms.Build.0 = Debug|Any CPU
		{1F1F8ED7-6B50-42DD-BA2F-5C619CBF33B0}.Debug|Win32.ActiveCfg = Debug|Any CPU
		{1F1F8ED7-6B50-42DD-BA2F-5C619CBF33B0}.Release|Any CPU.ActiveCfg = Release|Any CPU
		{1F1F8ED7-6B50-42DD-BA2F-5C619CBF33B0}.Release|Any CPU.Build.0 = Release|Any CPU
		{1F1F8ED7-6B50-42DD-BA2F-5C619CBF33B0}.Release|Mixed Platforms.ActiveCfg = Release|Any CPU
		{1F1F8ED7-6B50-42DD-BA2F-5C619CBF33B0}.Release|Mixed Platforms.Build.0 = Release|Any CPU
		{1F1F8ED7-6B50-42DD-BA2F-5C619CBF33B0}.Release|Win32.ActiveCfg = Release|Any CPU
	EndGlobalSection
	GlobalSection(SolutionProperties) = preSolution
		HideSolutionNode = FALSE
	EndGlobalSection
EndGlobal
